
Microsoft Visual Studio Solution File, Format Version 12.00
# Visual Studio Version 17
VisualStudioVersion = 17.8.34330.188
MinimumVisualStudioVersion = 10.0.40219.1
Project("{9A19103F-16F7-4668-BE54-9A1E7A4F7556}") = "SocialMediaDashboard", "SocialMediaDashboard\SocialMediaDashboard.csproj", "{FAFA556F-B5BA-4A5E-99CD-5BD24CA3BD1C}"
EndProject
Global
	GlobalSection(SolutionConfigurationPlatforms) = preSolution
		Debug|Any CPU = Debug|Any CPU
		Release|Any CPU = Release|Any CPU
	EndGlobalSection
	GlobalSection(ProjectConfigurationPlatforms) = postSolution
		{FAFA556F-B5BA-4A5E-99CD-5BD24CA3BD1C}.Debug|Any CPU.ActiveCfg = Debug|Any CPU
		{FAFA556F-B5BA-4A5E-99CD-5BD24CA3BD1C}.Debug|Any CPU.Build.0 = Debug|Any CPU
		{FAFA556F-B5BA-4A5E-99CD-5BD24CA3BD1C}.Release|Any CPU.ActiveCfg = Release|Any CPU
		{FAFA556F-B5BA-4A5E-99CD-5BD24CA3BD1C}.Release|Any CPU.Build.0 = Release|Any CPU
	EndGlobalSection
	GlobalSection(SolutionProperties) = preSolution
		HideSolutionNode = FALSE
	EndGlobalSection
	GlobalSection(ExtensibilityGlobals) = postSolution
		SolutionGuid = {2483954D-CEE6-4D35-B58A-B6D3F1928FFB}
	EndGlobalSection
EndGlobal
